
Microsoft Visual Studio Solution File, Format Version 12.00
# Visual Studio Version 16
VisualStudioVersion = 16.0.30611.23
MinimumVisualStudioVersion = 10.0.40219.1
Project("{8BC9CEB8-8B4A-11D0-8D11-00A0C91BC942}") = "WarningListTVersion", "WarningListTVersion\WarningListTVersion.vcxproj", "{7E7C4957-8164-4AAC-BF9B-729E8ED8F717}"
EndProject
Global
	GlobalSection(SolutionConfigurationPlatforms) = preSolution
		Debug|x64 = Debug|x64
		Debug|x86 = Debug|x86
		Release|x64 = Release|x64
		Release|x86 = Release|x86
	EndGlobalSection
	GlobalSection(ProjectConfigurationPlatforms) = postSolution
		{7E7C4957-8164-4AAC-BF9B-729E8ED8F717}.Debug|x64.ActiveCfg = Debug|x64
		{7E7C4957-8164-4AAC-BF9B-729E8ED8F717}.Debug|x64.Build.0 = Debug|x64
		{7E7C4957-8164-4AAC-BF9B-729E8ED8F717}.Debug|x86.ActiveCfg = Debug|Win32
		{7E7C4957-8164-4AAC-BF9B-729E8ED8F717}.Debug|x86.Build.0 = Debug|Win32
		{7E7C4957-8164-4AAC-BF9B-729E8ED8F717}.Release|x64.ActiveCfg = Release|x64
		{7E7C4957-8164-4AAC-BF9B-729E8ED8F717}.Release|x64.Build.0 = Release|x64
		{7E7C4957-8164-4AAC-BF9B-729E8ED8F717}.Release|x86.ActiveCfg = Release|Win32
		{7E7C4957-8164-4AAC-BF9B-729E8ED8F717}.Release|x86.Build.0 = Release|Win32
	EndGlobalSection
	GlobalSection(SolutionProperties) = preSolution
		HideSolutionNode = FALSE
	EndGlobalSection
	GlobalSection(ExtensibilityGlobals) = postSolution
		SolutionGuid = {21321DBE-0297-440C-9EAD-292766F4CD51}
	EndGlobalSection
EndGlobal
