
Microsoft Visual Studio Solution File, Format Version 12.00
# Visual Studio Version 16
VisualStudioVersion = 16.0.30611.23
MinimumVisualStudioVersion = 10.0.40219.1
Project("{FAE04EC0-301F-11D3-BF4B-00C04F79EFBC}") = "WarningList", "WpfApp1\WarningList.csproj", "{57CD333C-5D34-4134-AC7F-8011F6E09319}"
EndProject
Global
	GlobalSection(SolutionConfigurationPlatforms) = preSolution
		Debug|Any CPU = Debug|Any CPU
		Release|Any CPU = Release|Any CPU
	EndGlobalSection
	GlobalSection(ProjectConfigurationPlatforms) = postSolution
		{57CD333C-5D34-4134-AC7F-8011F6E09319}.Debug|Any CPU.ActiveCfg = Debug|Any CPU
		{57CD333C-5D34-4134-AC7F-8011F6E09319}.Debug|Any CPU.Build.0 = Debug|Any CPU
		{57CD333C-5D34-4134-AC7F-8011F6E09319}.Release|Any CPU.ActiveCfg = Release|Any CPU
		{57CD333C-5D34-4134-AC7F-8011F6E09319}.Release|Any CPU.Build.0 = Release|Any CPU
	EndGlobalSection
	GlobalSection(SolutionProperties) = preSolution
		HideSolutionNode = FALSE
	EndGlobalSection
	GlobalSection(ExtensibilityGlobals) = postSolution
		SolutionGuid = {CF43DD71-BDE5-484A-9554-ACDA83474E49}
	EndGlobalSection
EndGlobal
