
Microsoft Visual Studio Solution File, Format Version 12.00
# Visual Studio Version 16
VisualStudioVersion = 16.0.30611.23
MinimumVisualStudioVersion = 10.0.40219.1
Project("{8BC9CEB8-8B4A-11D0-8D11-00A0C91BC942}") = "WarningListPVersion", "WarningListPVersion\WarningListPVersion.vcxproj", "{DBAF0CE6-3F47-44AD-8AEB-27BD379E21E1}"
EndProject
Global
	GlobalSection(SolutionConfigurationPlatforms) = preSolution
		Debug|x64 = Debug|x64
		Debug|x86 = Debug|x86
		Release|x64 = Release|x64
		Release|x86 = Release|x86
	EndGlobalSection
	GlobalSection(ProjectConfigurationPlatforms) = postSolution
		{DBAF0CE6-3F47-44AD-8AEB-27BD379E21E1}.Debug|x64.ActiveCfg = Debug|x64
		{DBAF0CE6-3F47-44AD-8AEB-27BD379E21E1}.Debug|x64.Build.0 = Debug|x64
		{DBAF0CE6-3F47-44AD-8AEB-27BD379E21E1}.Debug|x86.ActiveCfg = Debug|Win32
		{DBAF0CE6-3F47-44AD-8AEB-27BD379E21E1}.Debug|x86.Build.0 = Debug|Win32
		{DBAF0CE6-3F47-44AD-8AEB-27BD379E21E1}.Release|x64.ActiveCfg = Release|x64
		{DBAF0CE6-3F47-44AD-8AEB-27BD379E21E1}.Release|x64.Build.0 = Release|x64
		{DBAF0CE6-3F47-44AD-8AEB-27BD379E21E1}.Release|x86.ActiveCfg = Release|Win32
		{DBAF0CE6-3F47-44AD-8AEB-27BD379E21E1}.Release|x86.Build.0 = Release|Win32
	EndGlobalSection
	GlobalSection(SolutionProperties) = preSolution
		HideSolutionNode = FALSE
	EndGlobalSection
	GlobalSection(ExtensibilityGlobals) = postSolution
		SolutionGuid = {B5864563-5F73-4C68-B25D-3E54CB070390}
	EndGlobalSection
EndGlobal
